
Microsoft Visual Studio Solution File, Format Version 12.00
# Visual Studio Version 16
VisualStudioVersion = 16.0.29025.244
MinimumVisualStudioVersion = 10.0.40219.1
Project("{FAE04EC0-301F-11D3-BF4B-00C04F79EFBC}") = "EscPos", "EscPos\EscPos.csproj", "{6AB34797-7CF8-4708-BA34-BAAE159C1606}"
EndProject
Global
	GlobalSection(SolutionConfigurationPlatforms) = preSolution
		Debug|Any CPU = Debug|Any CPU
		Release|Any CPU = Release|Any CPU
	EndGlobalSection
	GlobalSection(ProjectConfigurationPlatforms) = postSolution
		{6AB34797-7CF8-4708-BA34-BAAE159C1606}.Debug|Any CPU.ActiveCfg = Debug|Any CPU
		{6AB34797-7CF8-4708-BA34-BAAE159C1606}.Debug|Any CPU.Build.0 = Debug|Any CPU
		{6AB34797-7CF8-4708-BA34-BAAE159C1606}.Release|Any CPU.ActiveCfg = Release|Any CPU
		{6AB34797-7CF8-4708-BA34-BAAE159C1606}.Release|Any CPU.Build.0 = Release|Any CPU
	EndGlobalSection
	GlobalSection(SolutionProperties) = preSolution
		HideSolutionNode = FALSE
	EndGlobalSection
	GlobalSection(ExtensibilityGlobals) = postSolution
		SolutionGuid = {F641CA5E-E4E1-49EB-B610-67073301C101}
	EndGlobalSection
EndGlobal
